PODS:
  - IQAudioRecorderController (1.2.3):
    - SCSiriWaveformView
  - SCSiriWaveformView (1.1.1)

DEPENDENCIES:
  - IQAudioRecorderController (from `.`)

SPEC REPOS:
  trunk:
    - SCSiriWaveformView

EXTERNAL SOURCES:
  IQAudioRecorderController:
    :path: "."

SPEC CHECKSUMS:
  IQAudioRecorderController: 8fb700e6408d634f98dcb4a0a6822f378aabf5d9
  SCSiriWaveformView: 15b9dd6f94c7536e2032b34a35c6ff74d38c7411

PODFILE CHECKSUM: 6d291f0903f0c640a315b97bd0012a8cbbd36f83

COCOAPODS: 1.16.2
