// !$*UTF8*$!
{
	archiveVersion = 1;
	classes = {
	};
	objectVersion = 46;
	objects = {

/* Begin PBXBuildFile section */
		07B7D65A5935B76BCFB37257 /* libPods-IQAudioRecorderController Demo.a in Frameworks */ = {isa = PBXBuildFile; fileRef = EB8CAE405301A095C5B87A71 /* libPods-IQAudioRecorderController Demo.a */; };
		4C0BEDF61C70EF8F003BC43A /* IQMessageDisplayView.m in Sources */ = {isa = PBXBuildFile; fileRef = 4C0BEDF51C70EF8F003BC43A /* IQMessageDisplayView.m */; };
		4C148FBB1C788A1E00688005 /* IQAudioCropperViewController.m in Sources */ = {isa = PBXBuildFile; fileRef = 4C148FBA1C788A1E00688005 /* IQAudioCropperViewController.m */; };
		4C2E46871C759C4E005E2015 /* IQAudioRecorderConstraints.m in Sources */ = {isa = PBXBuildFile; fileRef = 4C2E46861C759C4E005E2015 /* IQAudioRecorderConstraints.m */; };
		4CAD55D31C8D5C55001CBDD0 /* IQCropSelectionView.m in Sources */ = {isa = PBXBuildFile; fileRef = 4CAD55D21C8D5C55001CBDD0 /* IQCropSelectionView.m */; };
		4CAD55D61C8D5DBF001CBDD0 /* IQCropSelectionBeginView.m in Sources */ = {isa = PBXBuildFile; fileRef = 4CAD55D51C8D5DBF001CBDD0 /* IQCropSelectionBeginView.m */; };
		4CAD55D91C8D5DCE001CBDD0 /* IQCropSelectionEndView.m in Sources */ = {isa = PBXBuildFile; fileRef = 4CAD55D81C8D5DCE001CBDD0 /* IQCropSelectionEndView.m */; };
		4CAD55DD1C8D7A92001CBDD0 /* scissor.png in Resources */ = {isa = PBXBuildFile; fileRef = 4CAD55DA1C8D7A92001CBDD0 /* scissor.png */; };
		4CAD55DE1C8D7A92001CBDD0 /* scissor@2x.png in Resources */ = {isa = PBXBuildFile; fileRef = 4CAD55DB1C8D7A92001CBDD0 /* scissor@2x.png */; };
		4CAD55DF1C8D7A92001CBDD0 /* scissor@3x.png in Resources */ = {isa = PBXBuildFile; fileRef = 4CAD55DC1C8D7A92001CBDD0 /* scissor@3x.png */; };
		4CF397171C6F9A460036C8CE /* IQPlaybackDurationView.m in Sources */ = {isa = PBXBuildFile; fileRef = 4CF397161C6F9A460036C8CE /* IQPlaybackDurationView.m */; };
		4CF3971A1C6F9BE90036C8CE /* NSString+IQTimeIntervalFormatter.m in Sources */ = {isa = PBXBuildFile; fileRef = 4CF397191C6F9BE90036C8CE /* NSString+IQTimeIntervalFormatter.m */; };
		4CF397221C6FB4C90036C8CE /* audio_record.png in Resources */ = {isa = PBXBuildFile; fileRef = 4CF3971C1C6FB4C90036C8CE /* audio_record.png */; };
		4CF397241C6FB4C90036C8CE /* audio_record@2x.png in Resources */ = {isa = PBXBuildFile; fileRef = 4CF3971E1C6FB4C90036C8CE /* audio_record@2x.png */; };
		4CF397281C6FB7180036C8CE /* audio_record@3x.png in Resources */ = {isa = PBXBuildFile; fileRef = 4CF397271C6FB7180036C8CE /* audio_record@3x.png */; };
		4CF3972F1C6FBE580036C8CE /* stop_recording@3x.png in Resources */ = {isa = PBXBuildFile; fileRef = 4CF397291C6FBE580036C8CE /* stop_recording@3x.png */; };
		4CF397301C6FBE580036C8CE /* stop_playing@3x.png in Resources */ = {isa = PBXBuildFile; fileRef = 4CF3972A1C6FBE580036C8CE /* stop_playing@3x.png */; };
		4CF397311C6FBE580036C8CE /* stop_recording@2x.png in Resources */ = {isa = PBXBuildFile; fileRef = 4CF3972B1C6FBE580036C8CE /* stop_recording@2x.png */; };
		4CF397321C6FBE580036C8CE /* stop_playing@2x.png in Resources */ = {isa = PBXBuildFile; fileRef = 4CF3972C1C6FBE580036C8CE /* stop_playing@2x.png */; };
		4CF397331C6FBE580036C8CE /* stop_recording.png in Resources */ = {isa = PBXBuildFile; fileRef = 4CF3972D1C6FBE580036C8CE /* stop_recording.png */; };
		4CF397341C6FBE580036C8CE /* stop_playing.png in Resources */ = {isa = PBXBuildFile; fileRef = 4CF3972E1C6FBE580036C8CE /* stop_playing.png */; };
		4CF397381C6FC7D30036C8CE /* microphone_access@3x.png in Resources */ = {isa = PBXBuildFile; fileRef = 4CF397351C6FC7D30036C8CE /* microphone_access@3x.png */; };
		4CF397391C6FC7D30036C8CE /* microphone_access@2x.png in Resources */ = {isa = PBXBuildFile; fileRef = 4CF397361C6FC7D30036C8CE /* microphone_access@2x.png */; };
		4CF3973A1C6FC7D30036C8CE /* microphone_access.png in Resources */ = {isa = PBXBuildFile; fileRef = 4CF397371C6FC7D30036C8CE /* microphone_access.png */; };
		B5D474141A6A2EF200771B83 /* main.m in Sources */ = {isa = PBXBuildFile; fileRef = B5D474131A6A2EF200771B83 /* main.m */; };
		B5D474171A6A2EF200771B83 /* AppDelegate.m in Sources */ = {isa = PBXBuildFile; fileRef = B5D474161A6A2EF200771B83 /* AppDelegate.m */; };
		B5D4741A1A6A2EF200771B83 /* ViewController.m in Sources */ = {isa = PBXBuildFile; fileRef = B5D474191A6A2EF200771B83 /* ViewController.m */; };
		B5D4741D1A6A2EF200771B83 /* Main.storyboard in Resources */ = {isa = PBXBuildFile; fileRef = B5D4741B1A6A2EF200771B83 /* Main.storyboard */; };
		B5D4741F1A6A2EF200771B83 /* Images.xcassets in Resources */ = {isa = PBXBuildFile; fileRef = B5D4741E1A6A2EF200771B83 /* Images.xcassets */; };
		B5D474221A6A2EF200771B83 /* LaunchScreen.xib in Resources */ = {isa = PBXBuildFile; fileRef = B5D474201A6A2EF200771B83 /* LaunchScreen.xib */; };
		B5D4743B1A6A2F4800771B83 /* IQAudioRecorderViewController.m in Sources */ = {isa = PBXBuildFile; fileRef = B5D474391A6A2F4800771B83 /* IQAudioRecorderViewController.m */; };
/* End PBXBuildFile section */

/* Begin PBXFileReference section */
		162434FCF0C697D92354CEBC /* Pods-IQAudioRecorderController Demo.release.xcconfig */ = {isa = PBXFileReference; includeInIndex = 1; lastKnownFileType = text.xcconfig; name = "Pods-IQAudioRecorderController Demo.release.xcconfig"; path = "Pods/Target Support Files/Pods-IQAudioRecorderController Demo/Pods-IQAudioRecorderController Demo.release.xcconfig"; sourceTree = "<group>"; };
		4C0BEDF41C70EF8F003BC43A /* IQMessageDisplayView.h */ = {isa = PBXFileReference; fileEncoding = 4; lastKnownFileType = sourcecode.c.h; path = IQMessageDisplayView.h; sourceTree = "<group>"; };
		4C0BEDF51C70EF8F003BC43A /* IQMessageDisplayView.m */ = {isa = PBXFileReference; fileEncoding = 4; lastKnownFileType = sourcecode.c.objc; path = IQMessageDisplayView.m; sourceTree = "<group>"; };
		4C148FB91C788A1E00688005 /* IQAudioCropperViewController.h */ = {isa = PBXFileReference; fileEncoding = 4; lastKnownFileType = sourcecode.c.h; path = IQAudioCropperViewController.h; sourceTree = "<group>"; };
		4C148FBA1C788A1E00688005 /* IQAudioCropperViewController.m */ = {isa = PBXFileReference; fileEncoding = 4; lastKnownFileType = sourcecode.c.objc; path = IQAudioCropperViewController.m; sourceTree = "<group>"; };
		4C2E46851C759C4E005E2015 /* IQAudioRecorderConstraints.h */ = {isa = PBXFileReference; fileEncoding = 4; lastKnownFileType = sourcecode.c.h; path = IQAudioRecorderConstraints.h; sourceTree = "<group>"; };
		4C2E46861C759C4E005E2015 /* IQAudioRecorderConstraints.m */ = {isa = PBXFileReference; fileEncoding = 4; lastKnownFileType = sourcecode.c.objc; path = IQAudioRecorderConstraints.m; sourceTree = "<group>"; };
		4CAD55D11C8D5C55001CBDD0 /* IQCropSelectionView.h */ = {isa = PBXFileReference; fileEncoding = 4; lastKnownFileType = sourcecode.c.h; path = IQCropSelectionView.h; sourceTree = "<group>"; };
		4CAD55D21C8D5C55001CBDD0 /* IQCropSelectionView.m */ = {isa = PBXFileReference; fileEncoding = 4; lastKnownFileType = sourcecode.c.objc; path = IQCropSelectionView.m; sourceTree = "<group>"; };
		4CAD55D41C8D5DBF001CBDD0 /* IQCropSelectionBeginView.h */ = {isa = PBXFileReference; fileEncoding = 4; lastKnownFileType = sourcecode.c.h; path = IQCropSelectionBeginView.h; sourceTree = "<group>"; };
		4CAD55D51C8D5DBF001CBDD0 /* IQCropSelectionBeginView.m */ = {isa = PBXFileReference; fileEncoding = 4; lastKnownFileType = sourcecode.c.objc; path = IQCropSelectionBeginView.m; sourceTree = "<group>"; };
		4CAD55D71C8D5DCE001CBDD0 /* IQCropSelectionEndView.h */ = {isa = PBXFileReference; fileEncoding = 4; lastKnownFileType = sourcecode.c.h; path = IQCropSelectionEndView.h; sourceTree = "<group>"; };
		4CAD55D81C8D5DCE001CBDD0 /* IQCropSelectionEndView.m */ = {isa = PBXFileReference; fileEncoding = 4; lastKnownFileType = sourcecode.c.objc; path = IQCropSelectionEndView.m; sourceTree = "<group>"; };
		4CAD55DA1C8D7A92001CBDD0 /* scissor.png */ = {isa = PBXFileReference; lastKnownFileType = image.png; path = scissor.png; sourceTree = "<group>"; };
		4CAD55DB1C8D7A92001CBDD0 /* scissor@2x.png */ = {isa = PBXFileReference; lastKnownFileType = image.png; path = "scissor@2x.png"; sourceTree = "<group>"; };
		4CAD55DC1C8D7A92001CBDD0 /* scissor@3x.png */ = {isa = PBXFileReference; lastKnownFileType = image.png; path = "scissor@3x.png"; sourceTree = "<group>"; };
		4CF397151C6F9A460036C8CE /* IQPlaybackDurationView.h */ = {isa = PBXFileReference; fileEncoding = 4; lastKnownFileType = sourcecode.c.h; path = IQPlaybackDurationView.h; sourceTree = "<group>"; };
		4CF397161C6F9A460036C8CE /* IQPlaybackDurationView.m */ = {isa = PBXFileReference; fileEncoding = 4; lastKnownFileType = sourcecode.c.objc; path = IQPlaybackDurationView.m; sourceTree = "<group>"; };
		4CF397181C6F9BE90036C8CE /* NSString+IQTimeIntervalFormatter.h */ = {isa = PBXFileReference; fileEncoding = 4; lastKnownFileType = sourcecode.c.h; path = "NSString+IQTimeIntervalFormatter.h"; sourceTree = "<group>"; };
		4CF397191C6F9BE90036C8CE /* NSString+IQTimeIntervalFormatter.m */ = {isa = PBXFileReference; fileEncoding = 4; lastKnownFileType = sourcecode.c.objc; path = "NSString+IQTimeIntervalFormatter.m"; sourceTree = "<group>"; };
		4CF3971C1C6FB4C90036C8CE /* audio_record.png */ = {isa = PBXFileReference; lastKnownFileType = image.png; path = audio_record.png; sourceTree = "<group>"; };
		4CF3971E1C6FB4C90036C8CE /* audio_record@2x.png */ = {isa = PBXFileReference; lastKnownFileType = image.png; path = "audio_record@2x.png"; sourceTree = "<group>"; };
		4CF397271C6FB7180036C8CE /* audio_record@3x.png */ = {isa = PBXFileReference; lastKnownFileType = image.png; path = "audio_record@3x.png"; sourceTree = "<group>"; };
		4CF397291C6FBE580036C8CE /* stop_recording@3x.png */ = {isa = PBXFileReference; lastKnownFileType = image.png; path = "stop_recording@3x.png"; sourceTree = "<group>"; };
		4CF3972A1C6FBE580036C8CE /* stop_playing@3x.png */ = {isa = PBXFileReference; lastKnownFileType = image.png; path = "stop_playing@3x.png"; sourceTree = "<group>"; };
		4CF3972B1C6FBE580036C8CE /* stop_recording@2x.png */ = {isa = PBXFileReference; lastKnownFileType = image.png; path = "stop_recording@2x.png"; sourceTree = "<group>"; };
		4CF3972C1C6FBE580036C8CE /* stop_playing@2x.png */ = {isa = PBXFileReference; lastKnownFileType = image.png; path = "stop_playing@2x.png"; sourceTree = "<group>"; };
		4CF3972D1C6FBE580036C8CE /* stop_recording.png */ = {isa = PBXFileReference; lastKnownFileType = image.png; path = stop_recording.png; sourceTree = "<group>"; };
		4CF3972E1C6FBE580036C8CE /* stop_playing.png */ = {isa = PBXFileReference; lastKnownFileType = image.png; path = stop_playing.png; sourceTree = "<group>"; };
		4CF397351C6FC7D30036C8CE /* microphone_access@3x.png */ = {isa = PBXFileReference; lastKnownFileType = image.png; path = "microphone_access@3x.png"; sourceTree = "<group>"; };
		4CF397361C6FC7D30036C8CE /* microphone_access@2x.png */ = {isa = PBXFileReference; lastKnownFileType = image.png; path = "microphone_access@2x.png"; sourceTree = "<group>"; };
		4CF397371C6FC7D30036C8CE /* microphone_access.png */ = {isa = PBXFileReference; lastKnownFileType = image.png; path = microphone_access.png; sourceTree = "<group>"; };
		B5142A6FB6D1BB49A7B3A76B /* Pods-IQAudioRecorderController Demo.debug.xcconfig */ = {isa = PBXFileReference; includeInIndex = 1; lastKnownFileType = text.xcconfig; name = "Pods-IQAudioRecorderController Demo.debug.xcconfig"; path = "Pods/Target Support Files/Pods-IQAudioRecorderController Demo/Pods-IQAudioRecorderController Demo.debug.xcconfig"; sourceTree = "<group>"; };
		B5D4740E1A6A2EF200771B83 /* IQAudioRecorderController Demo.app */ = {isa = PBXFileReference; explicitFileType = wrapper.application; includeInIndex = 0; path = "IQAudioRecorderController Demo.app"; sourceTree = BUILT_PRODUCTS_DIR; };
		B5D474121A6A2EF200771B83 /* Info.plist */ = {isa = PBXFileReference; lastKnownFileType = text.plist.xml; path = Info.plist; sourceTree = "<group>"; };
		B5D474131A6A2EF200771B83 /* main.m */ = {isa = PBXFileReference; lastKnownFileType = sourcecode.c.objc; path = main.m; sourceTree = "<group>"; };
		B5D474151A6A2EF200771B83 /* AppDelegate.h */ = {isa = PBXFileReference; lastKnownFileType = sourcecode.c.h; path = AppDelegate.h; sourceTree = "<group>"; };
		B5D474161A6A2EF200771B83 /* AppDelegate.m */ = {isa = PBXFileReference; lastKnownFileType = sourcecode.c.objc; path = AppDelegate.m; sourceTree = "<group>"; };
		B5D474181A6A2EF200771B83 /* ViewController.h */ = {isa = PBXFileReference; lastKnownFileType = sourcecode.c.h; path = ViewController.h; sourceTree = "<group>"; };
		B5D474191A6A2EF200771B83 /* ViewController.m */ = {isa = PBXFileReference; lastKnownFileType = sourcecode.c.objc; path = ViewController.m; sourceTree = "<group>"; };
		B5D4741C1A6A2EF200771B83 /* Base */ = {isa = PBXFileReference; lastKnownFileType = file.storyboard; name = Base; path = Base.lproj/Main.storyboard; sourceTree = "<group>"; };
		B5D4741E1A6A2EF200771B83 /* Images.xcassets */ = {isa = PBXFileReference; lastKnownFileType = folder.assetcatalog; path = Images.xcassets; sourceTree = "<group>"; };
		B5D474211A6A2EF200771B83 /* Base */ = {isa = PBXFileReference; lastKnownFileType = file.xib; name = Base; path = Base.lproj/LaunchScreen.xib; sourceTree = "<group>"; };
		B5D474381A6A2F4800771B83 /* IQAudioRecorderViewController.h */ = {isa = PBXFileReference; fileEncoding = 4; lastKnownFileType = sourcecode.c.h; path = IQAudioRecorderViewController.h; sourceTree = "<group>"; };
		B5D474391A6A2F4800771B83 /* IQAudioRecorderViewController.m */ = {isa = PBXFileReference; fileEncoding = 4; lastKnownFileType = sourcecode.c.objc; path = IQAudioRecorderViewController.m; sourceTree = "<group>"; };
		EB8CAE405301A095C5B87A71 /* libPods-IQAudioRecorderController Demo.a */ = {isa = PBXFileReference; explicitFileType = archive.ar; includeInIndex = 0; path = "libPods-IQAudioRecorderController Demo.a"; sourceTree = BUILT_PRODUCTS_DIR; };
/* End PBXFileReference section */

/* Begin PBXFrameworksBuildPhase section */
		B5D4740B1A6A2EF200771B83 /* Frameworks */ = {
			isa = PBXFrameworksBuildPhase;
			buildActionMask = 2147483647;
			files = (
				07B7D65A5935B76BCFB37257 /* libPods-IQAudioRecorderController Demo.a in Frameworks */,
			);
			runOnlyForDeploymentPostprocessing = 0;
		};
/* End PBXFrameworksBuildPhase section */

/* Begin PBXGroup section */
		3EE7169FBE91D488DB838955 /* Pods */ = {
			isa = PBXGroup;
			children = (
				B5142A6FB6D1BB49A7B3A76B /* Pods-IQAudioRecorderController Demo.debug.xcconfig */,
				162434FCF0C697D92354CEBC /* Pods-IQAudioRecorderController Demo.release.xcconfig */,
			);
			name = Pods;
			sourceTree = "<group>";
		};
		4CAD55CF1C8D5B31001CBDD0 /* AudioRecorderViewController */ = {
			isa = PBXGroup;
			children = (
				4C148FB91C788A1E00688005 /* IQAudioCropperViewController.h */,
				4C148FBA1C788A1E00688005 /* IQAudioCropperViewController.m */,
				4CAD55D11C8D5C55001CBDD0 /* IQCropSelectionView.h */,
				4CAD55D21C8D5C55001CBDD0 /* IQCropSelectionView.m */,
				4CAD55D41C8D5DBF001CBDD0 /* IQCropSelectionBeginView.h */,
				4CAD55D51C8D5DBF001CBDD0 /* IQCropSelectionBeginView.m */,
				4CAD55D71C8D5DCE001CBDD0 /* IQCropSelectionEndView.h */,
				4CAD55D81C8D5DCE001CBDD0 /* IQCropSelectionEndView.m */,
			);
			name = AudioRecorderViewController;
			sourceTree = "<group>";
		};
		4CAD55D01C8D5B40001CBDD0 /* AudioCropperViewController */ = {
			isa = PBXGroup;
			children = (
				B5D474381A6A2F4800771B83 /* IQAudioRecorderViewController.h */,
				B5D474391A6A2F4800771B83 /* IQAudioRecorderViewController.m */,
				4CF397151C6F9A460036C8CE /* IQPlaybackDurationView.h */,
				4CF397161C6F9A460036C8CE /* IQPlaybackDurationView.m */,
			);
			name = AudioCropperViewController;
			sourceTree = "<group>";
		};
		9FB013BEC106672D8C3177AD /* Frameworks */ = {
			isa = PBXGroup;
			children = (
				EB8CAE405301A095C5B87A71 /* libPods-IQAudioRecorderController Demo.a */,
			);
			name = Frameworks;
			sourceTree = "<group>";
		};
		B53594111A6A531100A81727 /* Resources */ = {
			isa = PBXGroup;
			children = (
				4CF397371C6FC7D30036C8CE /* microphone_access.png */,
				4CF397361C6FC7D30036C8CE /* microphone_access@2x.png */,
				4CF397351C6FC7D30036C8CE /* microphone_access@3x.png */,
				4CF3972E1C6FBE580036C8CE /* stop_playing.png */,
				4CF3972C1C6FBE580036C8CE /* stop_playing@2x.png */,
				4CF3972A1C6FBE580036C8CE /* stop_playing@3x.png */,
				4CF3972D1C6FBE580036C8CE /* stop_recording.png */,
				4CF3972B1C6FBE580036C8CE /* stop_recording@2x.png */,
				4CF397291C6FBE580036C8CE /* stop_recording@3x.png */,
				4CF3971C1C6FB4C90036C8CE /* audio_record.png */,
				4CF3971E1C6FB4C90036C8CE /* audio_record@2x.png */,
				4CF397271C6FB7180036C8CE /* audio_record@3x.png */,
				4CAD55DA1C8D7A92001CBDD0 /* scissor.png */,
				4CAD55DB1C8D7A92001CBDD0 /* scissor@2x.png */,
				4CAD55DC1C8D7A92001CBDD0 /* scissor@3x.png */,
			);
			path = Resources;
			sourceTree = "<group>";
		};
		B5D474051A6A2EF200771B83 = {
			isa = PBXGroup;
			children = (
				B5D474371A6A2F4800771B83 /* IQAudioRecorderController */,
				B5D474101A6A2EF200771B83 /* IQAudioRecorderController Demo */,
				B5D4740F1A6A2EF200771B83 /* Products */,
				3EE7169FBE91D488DB838955 /* Pods */,
				9FB013BEC106672D8C3177AD /* Frameworks */,
			);
			sourceTree = "<group>";
		};
		B5D4740F1A6A2EF200771B83 /* Products */ = {
			isa = PBXGroup;
			children = (
				B5D4740E1A6A2EF200771B83 /* IQAudioRecorderController Demo.app */,
			);
			name = Products;
			sourceTree = "<group>";
		};
		B5D474101A6A2EF200771B83 /* IQAudioRecorderController Demo */ = {
			isa = PBXGroup;
			children = (
				B5D474151A6A2EF200771B83 /* AppDelegate.h */,
				B5D474161A6A2EF200771B83 /* AppDelegate.m */,
				B5D474181A6A2EF200771B83 /* ViewController.h */,
				B5D474191A6A2EF200771B83 /* ViewController.m */,
				B5D4741B1A6A2EF200771B83 /* Main.storyboard */,
				B5D4741E1A6A2EF200771B83 /* Images.xcassets */,
				B5D474201A6A2EF200771B83 /* LaunchScreen.xib */,
				B5D474111A6A2EF200771B83 /* Supporting Files */,
			);
			path = "IQAudioRecorderController Demo";
			sourceTree = "<group>";
		};
		B5D474111A6A2EF200771B83 /* Supporting Files */ = {
			isa = PBXGroup;
			children = (
				B5D474121A6A2EF200771B83 /* Info.plist */,
				B5D474131A6A2EF200771B83 /* main.m */,
			);
			name = "Supporting Files";
			sourceTree = "<group>";
		};
		B5D474371A6A2F4800771B83 /* IQAudioRecorderController */ = {
			isa = PBXGroup;
			children = (
				4CAD55D01C8D5B40001CBDD0 /* AudioCropperViewController */,
				4CAD55CF1C8D5B31001CBDD0 /* AudioRecorderViewController */,
				B53594111A6A531100A81727 /* Resources */,
				4C0BEDF41C70EF8F003BC43A /* IQMessageDisplayView.h */,
				4C0BEDF51C70EF8F003BC43A /* IQMessageDisplayView.m */,
				4C2E46851C759C4E005E2015 /* IQAudioRecorderConstraints.h */,
				4C2E46861C759C4E005E2015 /* IQAudioRecorderConstraints.m */,
				4CF397181C6F9BE90036C8CE /* NSString+IQTimeIntervalFormatter.h */,
				4CF397191C6F9BE90036C8CE /* NSString+IQTimeIntervalFormatter.m */,
			);
			name = IQAudioRecorderController;
			path = ../IQAudioRecorderController;
			sourceTree = "<group>";
		};
/* End PBXGroup section */

/* Begin PBXNativeTarget section */
		B5D4740D1A6A2EF200771B83 /* IQAudioRecorderController Demo */ = {
			isa = PBXNativeTarget;
			buildConfigurationList = B5D474311A6A2EF200771B83 /* Build configuration list for PBXNativeTarget "IQAudioRecorderController Demo" */;
			buildPhases = (
				4247993A1EABC828A9227380 /* [CP] Check Pods Manifest.lock */,
				B5D4740A1A6A2EF200771B83 /* Sources */,
				B5D4740B1A6A2EF200771B83 /* Frameworks */,
				B5D4740C1A6A2EF200771B83 /* Resources */,
				2D34F112E8C65E1C028EBD99 /* [CP] Embed Pods Frameworks */,
				0CE21EB46E2CB4D306139DCA /* [CP] Copy Pods Resources */,
			);
			buildRules = (
			);
			dependencies = (
			);
			name = "IQAudioRecorderController Demo";
			productName = "IQAudioRecorderController Demo";
			productReference = B5D4740E1A6A2EF200771B83 /* IQAudioRecorderController Demo.app */;
			productType = "com.apple.product-type.application";
		};
/* End PBXNativeTarget section */

/* Begin PBXProject section */
		B5D474061A6A2EF200771B83 /* Project object */ = {
			isa = PBXProject;
			attributes = {
				LastUpgradeCheck = 0700;
				ORGANIZATIONNAME = Iftekhar;
				TargetAttributes = {
					B5D4740D1A6A2EF200771B83 = {
						CreatedOnToolsVersion = 6.1;
					};
				};
			};
			buildConfigurationList = B5D474091A6A2EF200771B83 /* Build configuration list for PBXProject "IQAudioRecorderController Demo" */;
			compatibilityVersion = "Xcode 3.2";
			developmentRegion = English;
			hasScannedForEncodings = 0;
			knownRegions = (
				en,
				Base,
			);
			mainGroup = B5D474051A6A2EF200771B83;
			productRefGroup = B5D4740F1A6A2EF200771B83 /* Products */;
			projectDirPath = "";
			projectRoot = "";
			targets = (
				B5D4740D1A6A2EF200771B83 /* IQAudioRecorderController Demo */,
			);
		};
/* End PBXProject section */

/* Begin PBXResourcesBuildPhase section */
		B5D4740C1A6A2EF200771B83 /* Resources */ = {
			isa = PBXResourcesBuildPhase;
			buildActionMask = 2147483647;
			files = (
				4CF397221C6FB4C90036C8CE /* audio_record.png in Resources */,
				4CF397321C6FBE580036C8CE /* stop_playing@2x.png in Resources */,
				4CF397331C6FBE580036C8CE /* stop_recording.png in Resources */,
				B5D4741D1A6A2EF200771B83 /* Main.storyboard in Resources */,
				4CF397381C6FC7D30036C8CE /* microphone_access@3x.png in Resources */,
				4CF397341C6FBE580036C8CE /* stop_playing.png in Resources */,
				4CAD55DD1C8D7A92001CBDD0 /* scissor.png in Resources */,
				4CF397301C6FBE580036C8CE /* stop_playing@3x.png in Resources */,
				B5D474221A6A2EF200771B83 /* LaunchScreen.xib in Resources */,
				4CF3973A1C6FC7D30036C8CE /* microphone_access.png in Resources */,
				4CF397391C6FC7D30036C8CE /* microphone_access@2x.png in Resources */,
				4CF397241C6FB4C90036C8CE /* audio_record@2x.png in Resources */,
				4CF397311C6FBE580036C8CE /* stop_recording@2x.png in Resources */,
				4CF397281C6FB7180036C8CE /* audio_record@3x.png in Resources */,
				4CAD55DE1C8D7A92001CBDD0 /* scissor@2x.png in Resources */,
				B5D4741F1A6A2EF200771B83 /* Images.xcassets in Resources */,
				4CAD55DF1C8D7A92001CBDD0 /* scissor@3x.png in Resources */,
				4CF3972F1C6FBE580036C8CE /* stop_recording@3x.png in Resources */,
			);
			runOnlyForDeploymentPostprocessing = 0;
		};
/* End PBXResourcesBuildPhase section */

/* Begin PBXShellScriptBuildPhase section */
		0CE21EB46E2CB4D306139DCA /* [CP] Copy Pods Resources */ = {
			isa = PBXShellScriptBuildPhase;
			buildActionMask = 2147483647;
			files = (
			);
			inputPaths = (
			);
			name = "[CP] Copy Pods Resources";
			outputPaths = (
			);
			runOnlyForDeploymentPostprocessing = 0;
			shellPath = /bin/sh;
			shellScript = "\"${SRCROOT}/Pods/Target Support Files/Pods-IQAudioRecorderController Demo/Pods-IQAudioRecorderController Demo-resources.sh\"\n";
			showEnvVarsInLog = 0;
		};
		2D34F112E8C65E1C028EBD99 /* [CP] Embed Pods Frameworks */ = {
			isa = PBXShellScriptBuildPhase;
			buildActionMask = 2147483647;
			files = (
			);
			inputPaths = (
			);
			name = "[CP] Embed Pods Frameworks";
			outputPaths = (
			);
			runOnlyForDeploymentPostprocessing = 0;
			shellPath = /bin/sh;
			shellScript = "\"${SRCROOT}/Pods/Target Support Files/Pods-IQAudioRecorderController Demo/Pods-IQAudioRecorderController Demo-frameworks.sh\"\n";
			showEnvVarsInLog = 0;
		};
		4247993A1EABC828A9227380 /* [CP] Check Pods Manifest.lock */ = {
			isa = PBXShellScriptBuildPhase;
			buildActionMask = 2147483647;
			files = (
			);
			inputPaths = (
			);
			name = "[CP] Check Pods Manifest.lock";
			outputPaths = (
			);
			runOnlyForDeploymentPostprocessing = 0;
			shellPath = /bin/sh;
			shellScript = "diff \"${PODS_ROOT}/../Podfile.lock\" \"${PODS_ROOT}/Manifest.lock\" > /dev/null\nif [[ $? != 0 ]] ; then\n    cat << EOM\nerror: The sandbox is not in sync with the Podfile.lock. Run 'pod install' or update your CocoaPods installation.\nEOM\n    exit 1\nfi\n";
			showEnvVarsInLog = 0;
		};
/* End PBXShellScriptBuildPhase section */

/* Begin PBXSourcesBuildPhase section */
		B5D4740A1A6A2EF200771B83 /* Sources */ = {
			isa = PBXSourcesBuildPhase;
			buildActionMask = 2147483647;
			files = (
				B5D4741A1A6A2EF200771B83 /* ViewController.m in Sources */,
				4CAD55D91C8D5DCE001CBDD0 /* IQCropSelectionEndView.m in Sources */,
				4C2E46871C759C4E005E2015 /* IQAudioRecorderConstraints.m in Sources */,
				B5D474171A6A2EF200771B83 /* AppDelegate.m in Sources */,
				4C148FBB1C788A1E00688005 /* IQAudioCropperViewController.m in Sources */,
				4CF3971A1C6F9BE90036C8CE /* NSString+IQTimeIntervalFormatter.m in Sources */,
				B5D4743B1A6A2F4800771B83 /* IQAudioRecorderViewController.m in Sources */,
				B5D474141A6A2EF200771B83 /* main.m in Sources */,
				4CF397171C6F9A460036C8CE /* IQPlaybackDurationView.m in Sources */,
				4CAD55D61C8D5DBF001CBDD0 /* IQCropSelectionBeginView.m in Sources */,
				4C0BEDF61C70EF8F003BC43A /* IQMessageDisplayView.m in Sources */,
				4CAD55D31C8D5C55001CBDD0 /* IQCropSelectionView.m in Sources */,
			);
			runOnlyForDeploymentPostprocessing = 0;
		};
/* End PBXSourcesBuildPhase section */

/* Begin PBXVariantGroup section */
		B5D4741B1A6A2EF200771B83 /* Main.storyboard */ = {
			isa = PBXVariantGroup;
			children = (
				B5D4741C1A6A2EF200771B83 /* Base */,
			);
			name = Main.storyboard;
			sourceTree = "<group>";
		};
		B5D474201A6A2EF200771B83 /* LaunchScreen.xib */ = {
			isa = PBXVariantGroup;
			children = (
				B5D474211A6A2EF200771B83 /* Base */,
			);
			name = LaunchScreen.xib;
			sourceTree = "<group>";
		};
/* End PBXVariantGroup section */

/* Begin XCBuildConfiguration section */
		B5D4742F1A6A2EF200771B83 /* Debug */ = {
			isa = XCBuildConfiguration;
			buildSettings = {
				ALWAYS_SEARCH_USER_PATHS = NO;
				CLANG_CXX_LANGUAGE_STANDARD = "gnu++0x";
				CLANG_CXX_LIBRARY = "libc++";
				CLANG_ENABLE_MODULES = YES;
				CLANG_ENABLE_OBJC_ARC = YES;
				CLANG_WARN_BOOL_CONVERSION = YES;
				CLANG_WARN_CONSTANT_CONVERSION = YES;
				CLANG_WARN_DIRECT_OBJC_ISA_USAGE = YES_ERROR;
				CLANG_WARN_EMPTY_BODY = YES;
				CLANG_WARN_ENUM_CONVERSION = YES;
				CLANG_WARN_INT_CONVERSION = YES;
				CLANG_WARN_OBJC_ROOT_CLASS = YES_ERROR;
				CLANG_WARN_UNREACHABLE_CODE = YES;
				CLANG_WARN__DUPLICATE_METHOD_MATCH = YES;
				CODE_SIGN_IDENTITY = "iPhone Developer: Iftekhar Qurashi (RFN29V7Q6Y)";
				"CODE_SIGN_IDENTITY[sdk=iphoneos*]" = "iPhone Developer: Iftekhar Qurashi (RFN29V7Q6Y)";
				COPY_PHASE_STRIP = NO;
				ENABLE_STRICT_OBJC_MSGSEND = YES;
				ENABLE_TESTABILITY = YES;
				GCC_C_LANGUAGE_STANDARD = gnu99;
				GCC_DYNAMIC_NO_PIC = NO;
				GCC_OPTIMIZATION_LEVEL = 0;
				GCC_PREPROCESSOR_DEFINITIONS = (
					"DEBUG=1",
					"$(inherited)",
				);
				GCC_SYMBOLS_PRIVATE_EXTERN = NO;
				GCC_WARN_64_TO_32_BIT_CONVERSION = YES;
				GCC_WARN_ABOUT_RETURN_TYPE = YES_ERROR;
				GCC_WARN_UNDECLARED_SELECTOR = YES;
				GCC_WARN_UNINITIALIZED_AUTOS = YES_AGGRESSIVE;
				GCC_WARN_UNUSED_FUNCTION = YES;
				GCC_WARN_UNUSED_VARIABLE = YES;
				IPHONEOS_DEPLOYMENT_TARGET = 9.2;
				MTL_ENABLE_DEBUG_INFO = YES;
				ONLY_ACTIVE_ARCH = YES;
				PROVISIONING_PROFILE = "";
				SDKROOT = iphoneos;
			};
			name = Debug;
		};
		B5D474301A6A2EF200771B83 /* Release */ = {
			isa = XCBuildConfiguration;
			buildSettings = {
				ALWAYS_SEARCH_USER_PATHS = NO;
				CLANG_CXX_LANGUAGE_STANDARD = "gnu++0x";
				CLANG_CXX_LIBRARY = "libc++";
				CLANG_ENABLE_MODULES = YES;
				CLANG_ENABLE_OBJC_ARC = YES;
				CLANG_WARN_BOOL_CONVERSION = YES;
				CLANG_WARN_CONSTANT_CONVERSION = YES;
				CLANG_WARN_DIRECT_OBJC_ISA_USAGE = YES_ERROR;
				CLANG_WARN_EMPTY_BODY = YES;
				CLANG_WARN_ENUM_CONVERSION = YES;
				CLANG_WARN_INT_CONVERSION = YES;
				CLANG_WARN_OBJC_ROOT_CLASS = YES_ERROR;
				CLANG_WARN_UNREACHABLE_CODE = YES;
				CLANG_WARN__DUPLICATE_METHOD_MATCH = YES;
				CODE_SIGN_IDENTITY = "iPhone Developer: Iftekhar Qurashi (RFN29V7Q6Y)";
				"CODE_SIGN_IDENTITY[sdk=iphoneos*]" = "iPhone Developer: Iftekhar Qurashi (RFN29V7Q6Y)";
				COPY_PHASE_STRIP = YES;
				ENABLE_NS_ASSERTIONS = NO;
				ENABLE_STRICT_OBJC_MSGSEND = YES;
				GCC_C_LANGUAGE_STANDARD = gnu99;
				GCC_WARN_64_TO_32_BIT_CONVERSION = YES;
				GCC_WARN_ABOUT_RETURN_TYPE = YES_ERROR;
				GCC_WARN_UNDECLARED_SELECTOR = YES;
				GCC_WARN_UNINITIALIZED_AUTOS = YES_AGGRESSIVE;
				GCC_WARN_UNUSED_FUNCTION = YES;
				GCC_WARN_UNUSED_VARIABLE = YES;
				IPHONEOS_DEPLOYMENT_TARGET = 9.2;
				MTL_ENABLE_DEBUG_INFO = NO;
				PROVISIONING_PROFILE = "";
				SDKROOT = iphoneos;
				VALIDATE_PRODUCT = YES;
			};
			name = Release;
		};
		B5D474321A6A2EF200771B83 /* Debug */ = {
			isa = XCBuildConfiguration;
			baseConfigurationReference = B5142A6FB6D1BB49A7B3A76B /* Pods-IQAudioRecorderController Demo.debug.xcconfig */;
			buildSettings = {
				ASSETCATALOG_COMPILER_APPICON_NAME = AppIcon;
				CODE_SIGN_IDENTITY = "iPhone Developer: Iftekhar Qurashi (7Z2B798BLX)";
				INFOPLIST_FILE = "IQAudioRecorderController Demo/Info.plist";
				IPHONEOS_DEPLOYMENT_TARGET = 8.0;
				LD_RUNPATH_SEARCH_PATHS = "$(inherited) @executable_path/Frameworks";
				PRODUCT_BUNDLE_IDENTIFIER = com.infoenumapps.audio;
				PRODUCT_NAME = "$(TARGET_NAME)";
				PROVISIONING_PROFILE = "";
				TARGETED_DEVICE_FAMILY = "1,2";
			};
			name = Debug;
		};
		B5D474331A6A2EF200771B83 /* Release */ = {
			isa = XCBuildConfiguration;
			baseConfigurationReference = 162434FCF0C697D92354CEBC /* Pods-IQAudioRecorderController Demo.release.xcconfig */;
			buildSettings = {
				ASSETCATALOG_COMPILER_APPICON_NAME = AppIcon;
				CODE_SIGN_IDENTITY = "iPhone Developer: Iftekhar Qurashi (7Z2B798BLX)";
				INFOPLIST_FILE = "IQAudioRecorderController Demo/Info.plist";
				IPHONEOS_DEPLOYMENT_TARGET = 8.0;
				LD_RUNPATH_SEARCH_PATHS = "$(inherited) @executable_path/Frameworks";
				PRODUCT_BUNDLE_IDENTIFIER = com.infoenumapps.audio;
				PRODUCT_NAME = "$(TARGET_NAME)";
				PROVISIONING_PROFILE = "";
				TARGETED_DEVICE_FAMILY = "1,2";
			};
			name = Release;
		};
/* End XCBuildConfiguration section */

/* Begin XCConfigurationList section */
		B5D474091A6A2EF200771B83 /* Build configuration list for PBXProject "IQAudioRecorderController Demo" */ = {
			isa = XCConfigurationList;
			buildConfigurations = (
				B5D4742F1A6A2EF200771B83 /* Debug */,
				B5D474301A6A2EF200771B83 /* Release */,
			);
			defaultConfigurationIsVisible = 0;
			defaultConfigurationName = Release;
		};
		B5D474311A6A2EF200771B83 /* Build configuration list for PBXNativeTarget "IQAudioRecorderController Demo" */ = {
			isa = XCConfigurationList;
			buildConfigurations = (
				B5D474321A6A2EF200771B83 /* Debug */,
				B5D474331A6A2EF200771B83 /* Release */,
			);
			defaultConfigurationIsVisible = 0;
			defaultConfigurationName = Release;
		};
/* End XCConfigurationList section */
	};
	rootObject = B5D474061A6A2EF200771B83 /* Project object */;
}
